// !$*UTF8*$!
{
	archiveVersion = 1;
	classes = {
	};
	objectVersion = 55;
	objects = {

/* Begin PBXBuildFile section */
		D6673A0B27A85C6000CBE5F1 /* SettingsViewController.swift in Sources */ = {isa = PBXBuildFile; fileRef = D6673A0A27A85C6000CBE5F1 /* SettingsViewController.swift */; };
		D6673A1027A85CEF00CBE5F1 /* HardCodedModel.swift in Sources */ = {isa = PBXBuildFile; fileRef = D6673A0F27A85CEF00CBE5F1 /* HardCodedModel.swift */; };
		D6673A1227A85D0600CBE5F1 /* MockModel.swift in Sources */ = {isa = PBXBuildFile; fileRef = D6673A1127A85D0600CBE5F1 /* MockModel.swift */; };
		D6673A1627A872AA00CBE5F1 /* NetworkManager.swift in Sources */ = {isa = PBXBuildFile; fileRef = D6673A1527A872AA00CBE5F1 /* NetworkManager.swift */; };
		D6673A1827A872BC00CBE5F1 /* Answers.swift in Sources */ = {isa = PBXBuildFile; fileRef = D6673A1727A872BC00CBE5F1 /* Answers.swift */; };
		D6673A1A27A8733300CBE5F1 /* Result.swift in Sources */ = {isa = PBXBuildFile; fileRef = D6673A1927A8733300CBE5F1 /* Result.swift */; };
		D6673A1C27A874D400CBE5F1 /* MagicBallNetworking.swift in Sources */ = {isa = PBXBuildFile; fileRef = D6673A1B27A874D400CBE5F1 /* MagicBallNetworking.swift */; };
		D6E963FD27A852E200364406 /* AppDelegate.swift in Sources */ = {isa = PBXBuildFile; fileRef = D6E963FC27A852E200364406 /* AppDelegate.swift */; };
		D6E963FF27A852E200364406 /* SceneDelegate.swift in Sources */ = {isa = PBXBuildFile; fileRef = D6E963FE27A852E200364406 /* SceneDelegate.swift */; };
		D6E9640127A852E200364406 /* MainViewController.swift in Sources */ = {isa = PBXBuildFile; fileRef = D6E9640027A852E200364406 /* MainViewController.swift */; };
		D6E9640427A852E200364406 /* Main.storyboard in Resources */ = {isa = PBXBuildFile; fileRef = D6E9640227A852E200364406 /* Main.storyboard */; };
		D6E9640627A852E500364406 /* Assets.xcassets in Resources */ = {isa = PBXBuildFile; fileRef = D6E9640527A852E500364406 /* Assets.xcassets */; };
		D6E9640927A852E500364406 /* LaunchScreen.storyboard in Resources */ = {isa = PBXBuildFile; fileRef = D6E9640727A852E500364406 /* LaunchScreen.storyboard */; };
/* End PBXBuildFile section */

/* Begin PBXFileReference section */
		D6673A0A27A85C6000CBE5F1 /* SettingsViewController.swift */ = {isa = PBXFileReference; lastKnownFileType = sourcecode.swift; path = SettingsViewController.swift; sourceTree = "<group>"; };
		D6673A0F27A85CEF00CBE5F1 /* HardCodedModel.swift */ = {isa = PBXFileReference; lastKnownFileType = sourcecode.swift; path = HardCodedModel.swift; sourceTree = "<group>"; };
		D6673A1127A85D0600CBE5F1 /* MockModel.swift */ = {isa = PBXFileReference; lastKnownFileType = sourcecode.swift; path = MockModel.swift; sourceTree = "<group>"; };
		D6673A1527A872AA00CBE5F1 /* NetworkManager.swift */ = {isa = PBXFileReference; lastKnownFileType = sourcecode.swift; path = NetworkManager.swift; sourceTree = "<group>"; };
		D6673A1727A872BC00CBE5F1 /* Answers.swift */ = {isa = PBXFileReference; lastKnownFileType = sourcecode.swift; path = Answers.swift; sourceTree = "<group>"; };
		D6673A1927A8733300CBE5F1 /* Result.swift */ = {isa = PBXFileReference; lastKnownFileType = sourcecode.swift; path = Result.swift; sourceTree = "<group>"; };
		D6673A1B27A874D400CBE5F1 /* MagicBallNetworking.swift */ = {isa = PBXFileReference; lastKnownFileType = sourcecode.swift; path = MagicBallNetworking.swift; sourceTree = "<group>"; };
		D6E963F927A852E200364406 /* MagicBall.app */ = {isa = PBXFileReference; explicitFileType = wrapper.application; includeInIndex = 0; path = MagicBall.app; sourceTree = BUILT_PRODUCTS_DIR; };
		D6E963FC27A852E200364406 /* AppDelegate.swift */ = {isa = PBXFileReference; lastKnownFileType = sourcecode.swift; path = AppDelegate.swift; sourceTree = "<group>"; };
		D6E963FE27A852E200364406 /* SceneDelegate.swift */ = {isa = PBXFileReference; lastKnownFileType = sourcecode.swift; path = SceneDelegate.swift; sourceTree = "<group>"; };
		D6E9640027A852E200364406 /* MainViewController.swift */ = {isa = PBXFileReference; lastKnownFileType = sourcecode.swift; path = MainViewController.swift; sourceTree = "<group>"; };
		D6E9640327A852E200364406 /* Base */ = {isa = PBXFileReference; lastKnownFileType = file.storyboard; name = Base; path = Base.lproj/Main.storyboard; sourceTree = "<group>"; };
		D6E9640527A852E500364406 /* Assets.xcassets */ = {isa = PBXFileReference; lastKnownFileType = folder.assetcatalog; path = Assets.xcassets; sourceTree = "<group>"; };
		D6E9640827A852E500364406 /* Base */ = {isa = PBXFileReference; lastKnownFileType = file.storyboard; name = Base; path = Base.lproj/LaunchScreen.storyboard; sourceTree = "<group>"; };
		D6E9640A27A852E500364406 /* Info.plist */ = {isa = PBXFileReference; lastKnownFileType = text.plist.xml; path = Info.plist; sourceTree = "<group>"; };
/* End PBXFileReference section */

/* Begin PBXFrameworksBuildPhase section */
		D6E963F627A852E200364406 /* Frameworks */ = {
			isa = PBXFrameworksBuildPhase;
			buildActionMask = 2147483647;
			files = (
			);
			runOnlyForDeploymentPostprocessing = 0;
		};
/* End PBXFrameworksBuildPhase section */

/* Begin PBXGroup section */
		D6673A0C27A85C7B00CBE5F1 /* Networking */ = {
			isa = PBXGroup;
			children = (
				D6673A1527A872AA00CBE5F1 /* NetworkManager.swift */,
				D6673A1927A8733300CBE5F1 /* Result.swift */,
				D6673A1B27A874D400CBE5F1 /* MagicBallNetworking.swift */,
			);
			path = Networking;
			sourceTree = "<group>";
		};
		D6673A0D27A85C9800CBE5F1 /* Models */ = {
			isa = PBXGroup;
			children = (
				D6673A0F27A85CEF00CBE5F1 /* HardCodedModel.swift */,
				D6673A1127A85D0600CBE5F1 /* MockModel.swift */,
				D6673A1727A872BC00CBE5F1 /* Answers.swift */,
			);
			path = Models;
			sourceTree = "<group>";
		};
		D6673A0E27A85CA100CBE5F1 /* Controllers */ = {
			isa = PBXGroup;
			children = (
				D6E9640027A852E200364406 /* MainViewController.swift */,
				D6673A0A27A85C6000CBE5F1 /* SettingsViewController.swift */,
			);
			path = Controllers;
			sourceTree = "<group>";
		};
		D6E963F027A852E200364406 = {
			isa = PBXGroup;
			children = (
				D6E963FB27A852E200364406 /* MagicBall */,
				D6E963FA27A852E200364406 /* Products */,
			);
			sourceTree = "<group>";
		};
		D6E963FA27A852E200364406 /* Products */ = {
			isa = PBXGroup;
			children = (
				D6E963F927A852E200364406 /* MagicBall.app */,
			);
			name = Products;
			sourceTree = "<group>";
		};
		D6E963FB27A852E200364406 /* MagicBall */ = {
			isa = PBXGroup;
			children = (
				D6E963FC27A852E200364406 /* AppDelegate.swift */,
				D6E963FE27A852E200364406 /* SceneDelegate.swift */,
				D6673A0C27A85C7B00CBE5F1 /* Networking */,
				D6673A0D27A85C9800CBE5F1 /* Models */,
				D6673A0E27A85CA100CBE5F1 /* Controllers */,
				D6E9640227A852E200364406 /* Main.storyboard */,
				D6E9640527A852E500364406 /* Assets.xcassets */,
				D6E9640727A852E500364406 /* LaunchScreen.storyboard */,
				D6E9640A27A852E500364406 /* Info.plist */,
			);
			path = MagicBall;
			sourceTree = "<group>";
		};
/* End PBXGroup section */

/* Begin PBXNativeTarget section */
		D6E963F827A852E200364406 /* MagicBall */ = {
			isa = PBXNativeTarget;
			buildConfigurationList = D6E9640D27A852E500364406 /* Build configuration list for PBXNativeTarget "MagicBall" */;
			buildPhases = (
				D6E963F527A852E200364406 /* Sources */,
				D6E963F627A852E200364406 /* Frameworks */,
				D6E963F727A852E200364406 /* Resources */,
			);
			buildRules = (
			);
			dependencies = (
			);
			name = MagicBall;
			productName = MagicBall;
			productReference = D6E963F927A852E200364406 /* MagicBall.app */;
			productType = "com.apple.product-type.application";
		};
/* End PBXNativeTarget section */

/* Begin PBXProject section */
		D6E963F127A852E200364406 /* Project object */ = {
			isa = PBXProject;
			attributes = {
				BuildIndependentTargetsInParallel = 1;
				LastSwiftUpdateCheck = 1300;
				LastUpgradeCheck = 1300;
				TargetAttributes = {
					D6E963F827A852E200364406 = {
						CreatedOnToolsVersion = 13.0;
					};
				};
			};
			buildConfigurationList = D6E963F427A852E200364406 /* Build configuration list for PBXProject "MagicBall" */;
			compatibilityVersion = "Xcode 13.0";
			developmentRegion = en;
			hasScannedForEncodings = 0;
			knownRegions = (
				en,
				Base,
			);
			mainGroup = D6E963F027A852E200364406;
			productRefGroup = D6E963FA27A852E200364406 /* Products */;
			projectDirPath = "";
			projectRoot = "";
			targets = (
				D6E963F827A852E200364406 /* MagicBall */,
			);
		};
/* End PBXProject section */

/* Begin PBXResourcesBuildPhase section */
		D6E963F727A852E200364406 /* Resources */ = {
			isa = PBXResourcesBuildPhase;
			buildActionMask = 2147483647;
			files = (
				D6E9640927A852E500364406 /* LaunchScreen.storyboard in Resources */,
				D6E9640627A852E500364406 /* Assets.xcassets in Resources */,
				D6E9640427A852E200364406 /* Main.storyboard in Resources */,
			);
			runOnlyForDeploymentPostprocessing = 0;
		};
/* End PBXResourcesBuildPhase section */

/* Begin PBXSourcesBuildPhase section */
		D6E963F527A852E200364406 /* Sources */ = {
			isa = PBXSourcesBuildPhase;
			buildActionMask = 2147483647;
			files = (
				D6673A1A27A8733300CBE5F1 /* Result.swift in Sources */,
				D6E9640127A852E200364406 /* MainViewController.swift in Sources */,
				D6673A1027A85CEF00CBE5F1 /* HardCodedModel.swift in Sources */,
				D6E963FD27A852E200364406 /* AppDelegate.swift in Sources */,
				D6673A1827A872BC00CBE5F1 /* Answers.swift in Sources */,
				D6673A1627A872AA00CBE5F1 /* NetworkManager.swift in Sources */,
				D6673A1227A85D0600CBE5F1 /* MockModel.swift in Sources */,
				D6E963FF27A852E200364406 /* SceneDelegate.swift in Sources */,
				D6673A1C27A874D400CBE5F1 /* MagicBallNetworking.swift in Sources */,
				D6673A0B27A85C6000CBE5F1 /* SettingsViewController.swift in Sources */,
			);
			runOnlyForDeploymentPostprocessing = 0;
		};
/* End PBXSourcesBuildPhase section */

/* Begin PBXVariantGroup section */
		D6E9640227A852E200364406 /* Main.storyboard */ = {
			isa = PBXVariantGroup;
			children = (
				D6E9640327A852E200364406 /* Base */,
			);
			name = Main.storyboard;
			sourceTree = "<group>";
		};
		D6E9640727A852E500364406 /* LaunchScreen.storyboard */ = {
			isa = PBXVariantGroup;
			children = (
				D6E9640827A852E500364406 /* Base */,
			);
			name = LaunchScreen.storyboard;
			sourceTree = "<group>";
		};
/* End PBXVariantGroup section */

/* Begin XCBuildConfiguration section */
		D6E9640B27A852E500364406 /* Debug */ = {
			isa = XCBuildConfiguration;
			buildSettings = {
				ALWAYS_SEARCH_USER_PATHS = NO;
				CLANG_ANALYZER_NONNULL = YES;
				CLANG_ANALYZER_NUMBER_OBJECT_CONVERSION = YES_AGGRESSIVE;
				CLANG_CXX_LANGUAGE_STANDARD = "gnu++17";
				CLANG_CXX_LIBRARY = "libc++";
				CLANG_ENABLE_MODULES = YES;
				CLANG_ENABLE_OBJC_ARC = YES;
				CLANG_ENABLE_OBJC_WEAK = YES;
				CLANG_WARN_BLOCK_CAPTURE_AUTORELEASING = YES;
				CLANG_WARN_BOOL_CONVERSION = YES;
				CLANG_WARN_COMMA = YES;
				CLANG_WARN_CONSTANT_CONVERSION = YES;
				CLANG_WARN_DEPRECATED_OBJC_IMPLEMENTATIONS = YES;
				CLANG_WARN_DIRECT_OBJC_ISA_USAGE = YES_ERROR;
				CLANG_WARN_DOCUMENTATION_COMMENTS = YES;
				CLANG_WARN_EMPTY_BODY = YES;
				CLANG_WARN_ENUM_CONVERSION = YES;
				CLANG_WARN_INFINITE_RECURSION = YES;
				CLANG_WARN_INT_CONVERSION = YES;
				CLANG_WARN_NON_LITERAL_NULL_CONVERSION = YES;
				CLANG_WARN_OBJC_IMPLICIT_RETAIN_SELF = YES;
				CLANG_WARN_OBJC_LITERAL_CONVERSION = YES;
				CLANG_WARN_OBJC_ROOT_CLASS = YES_ERROR;
				CLANG_WARN_QUOTED_INCLUDE_IN_FRAMEWORK_HEADER = YES;
				CLANG_WARN_RANGE_LOOP_ANALYSIS = YES;
				CLANG_WARN_STRICT_PROTOTYPES = YES;
				CLANG_WARN_SUSPICIOUS_MOVE = YES;
				CLANG_WARN_UNGUARDED_AVAILABILITY = YES_AGGRESSIVE;
				CLANG_WARN_UNREACHABLE_CODE = YES;
				CLANG_WARN__DUPLICATE_METHOD_MATCH = YES;
				COPY_PHASE_STRIP = NO;
				DEBUG_INFORMATION_FORMAT = dwarf;
				ENABLE_STRICT_OBJC_MSGSEND = YES;
				ENABLE_TESTABILITY = YES;
				GCC_C_LANGUAGE_STANDARD = gnu11;
				GCC_DYNAMIC_NO_PIC = NO;
				GCC_NO_COMMON_BLOCKS = YES;
				GCC_OPTIMIZATION_LEVEL = 0;
				GCC_PREPROCESSOR_DEFINITIONS = (
					"DEBUG=1",
					"$(inherited)",
				);
				GCC_WARN_64_TO_32_BIT_CONVERSION = YES;
				GCC_WARN_ABOUT_RETURN_TYPE = YES_ERROR;
				GCC_WARN_UNDECLARED_SELECTOR = YES;
				GCC_WARN_UNINITIALIZED_AUTOS = YES_AGGRESSIVE;
				GCC_WARN_UNUSED_FUNCTION = YES;
				GCC_WARN_UNUSED_VARIABLE = YES;
				IPHONEOS_DEPLOYMENT_TARGET = 15.0;
				MTL_ENABLE_DEBUG_INFO = INCLUDE_SOURCE;
				MTL_FAST_MATH = YES;
				ONLY_ACTIVE_ARCH = YES;
				SDKROOT = iphoneos;
				SWIFT_ACTIVE_COMPILATION_CONDITIONS = DEBUG;
				SWIFT_OPTIMIZATION_LEVEL = "-Onone";
			};
			name = Debug;
		};
		D6E9640C27A852E500364406 /* Release */ = {
			isa = XCBuildConfiguration;
			buildSettings = {
				ALWAYS_SEARCH_USER_PATHS = NO;
				CLANG_ANALYZER_NONNULL = YES;
				CLANG_ANALYZER_NUMBER_OBJECT_CONVERSION = YES_AGGRESSIVE;
				CLANG_CXX_LANGUAGE_STANDARD = "gnu++17";
				CLANG_CXX_LIBRARY = "libc++";
				CLANG_ENABLE_MODULES = YES;
				CLANG_ENABLE_OBJC_ARC = YES;
				CLANG_ENABLE_OBJC_WEAK = YES;
				CLANG_WARN_BLOCK_CAPTURE_AUTORELEASING = YES;
				CLANG_WARN_BOOL_CONVERSION = YES;
				CLANG_WARN_COMMA = YES;
				CLANG_WARN_CONSTANT_CONVERSION = YES;
				CLANG_WARN_DEPRECATED_OBJC_IMPLEMENTATIONS = YES;
				CLANG_WARN_DIRECT_OBJC_ISA_USAGE = YES_ERROR;
				CLANG_WARN_DOCUMENTATION_COMMENTS = YES;
				CLANG_WARN_EMPTY_BODY = YES;
				CLANG_WARN_ENUM_CONVERSION = YES;
				CLANG_WARN_INFINITE_RECURSION = YES;
				CLANG_WARN_INT_CONVERSION = YES;
				CLANG_WARN_NON_LITERAL_NULL_CONVERSION = YES;
				CLANG_WARN_OBJC_IMPLICIT_RETAIN_SELF = YES;
				CLANG_WARN_OBJC_LITERAL_CONVERSION = YES;
				CLANG_WARN_OBJC_ROOT_CLASS = YES_ERROR;
				CLANG_WARN_QUOTED_INCLUDE_IN_FRAMEWORK_HEADER = YES;
				CLANG_WARN_RANGE_LOOP_ANALYSIS = YES;
				CLANG_WARN_STRICT_PROTOTYPES = YES;
				CLANG_WARN_SUSPICIOUS_MOVE = YES;
				CLANG_WARN_UNGUARDED_AVAILABILITY = YES_AGGRESSIVE;
				CLANG_WARN_UNREACHABLE_CODE = YES;
				CLANG_WARN__DUPLICATE_METHOD_MATCH = YES;
				COPY_PHASE_STRIP = NO;
				DEBUG_INFORMATION_FORMAT = "dwarf-with-dsym";
				ENABLE_NS_ASSERTIONS = NO;
				ENABLE_STRICT_OBJC_MSGSEND = YES;
				GCC_C_LANGUAGE_STANDARD = gnu11;
				GCC_NO_COMMON_BLOCKS = YES;
				GCC_WARN_64_TO_32_BIT_CONVERSION = YES;
				GCC_WARN_ABOUT_RETURN_TYPE = YES_ERROR;
				GCC_WARN_UNDECLARED_SELECTOR = YES;
				GCC_WARN_UNINITIALIZED_AUTOS = YES_AGGRESSIVE;
				GCC_WARN_UNUSED_FUNCTION = YES;
				GCC_WARN_UNUSED_VARIABLE = YES;
				IPHONEOS_DEPLOYMENT_TARGET = 15.0;
				MTL_ENABLE_DEBUG_INFO = NO;
				MTL_FAST_MATH = YES;
				SDKROOT = iphoneos;
				SWIFT_COMPILATION_MODE = wholemodule;
				SWIFT_OPTIMIZATION_LEVEL = "-O";
				VALIDATE_PRODUCT = YES;
			};
			name = Release;
		};
		D6E9640E27A852E500364406 /* Debug */ = {
			isa = XCBuildConfiguration;
			buildSettings = {
				ASSETCATALOG_COMPILER_APPICON_NAME = AppIcon;
				ASSETCATALOG_COMPILER_GLOBAL_ACCENT_COLOR_NAME = AccentColor;
				CODE_SIGN_STYLE = Automatic;
				CURRENT_PROJECT_VERSION = 1;
				DEVELOPMENT_TEAM = 6L6MF7YS83;
				GENERATE_INFOPLIST_FILE = YES;
				INFOPLIST_FILE = MagicBall/Info.plist;
				INFOPLIST_KEY_UIApplicationSupportsIndirectInputEvents = YES;
				INFOPLIST_KEY_UILaunchStoryboardName = LaunchScreen;
				INFOPLIST_KEY_UIMainStoryboardFile = Main;
				INFOPLIST_KEY_UISupportedInterfaceOrientations_iPad = "UIInterfaceOrientationPortrait UIInterfaceOrientationPortraitUpsideDown UIInterfaceOrientationLandscapeLeft UIInterfaceOrientationLandscapeRight";
				INFOPLIST_KEY_UISupportedInterfaceOrientations_iPhone = "UIInterfaceOrientationPortrait UIInterfaceOrientationLandscapeLeft UIInterfaceOrientationLandscapeRight";
				LD_RUNPATH_SEARCH_PATHS = (
					"$(inherited)",
					"@executable_path/Frameworks",
				);
				MARKETING_VERSION = 1.0;
				PRODUCT_BUNDLE_IDENTIFIER = "Ivan-Biben.MagicBall";
				PRODUCT_NAME = "$(TARGET_NAME)";
				SWIFT_EMIT_LOC_STRINGS = YES;
				SWIFT_VERSION = 5.0;
				TARGETED_DEVICE_FAMILY = "1,2";
			};
			name = Debug;
		};
		D6E9640F27A852E500364406 /* Release */ = {
			isa = XCBuildConfiguration;
			buildSettings = {
				ASSETCATALOG_COMPILER_APPICON_NAME = AppIcon;
				ASSETCATALOG_COMPILER_GLOBAL_ACCENT_COLOR_NAME = AccentColor;
				CODE_SIGN_STYLE = Automatic;
				CURRENT_PROJECT_VERSION = 1;
				DEVELOPMENT_TEAM = 6L6MF7YS83;
				GENERATE_INFOPLIST_FILE = YES;
				INFOPLIST_FILE = MagicBall/Info.plist;
				INFOPLIST_KEY_UIApplicationSupportsIndirectInputEvents = YES;
				INFOPLIST_KEY_UILaunchStoryboardName = LaunchScreen;
				INFOPLIST_KEY_UIMainStoryboardFile = Main;
				INFOPLIST_KEY_UISupportedInterfaceOrientations_iPad = "UIInterfaceOrientationPortrait UIInterfaceOrientationPortraitUpsideDown UIInterfaceOrientationLandscapeLeft UIInterfaceOrientationLandscapeRight";
				INFOPLIST_KEY_UISupportedInterfaceOrientations_iPhone = "UIInterfaceOrientationPortrait UIInterfaceOrientationLandscapeLeft UIInterfaceOrientationLandscapeRight";
				LD_RUNPATH_SEARCH_PATHS = (
					"$(inherited)",
					"@executable_path/Frameworks",
				);
				MARKETING_VERSION = 1.0;
				PRODUCT_BUNDLE_IDENTIFIER = "Ivan-Biben.MagicBall";
				PRODUCT_NAME = "$(TARGET_NAME)";
				SWIFT_EMIT_LOC_STRINGS = YES;
				SWIFT_VERSION = 5.0;
				TARGETED_DEVICE_FAMILY = "1,2";
			};
			name = Release;
		};
/* End XCBuildConfiguration section */

/* Begin XCConfigurationList section */
		D6E963F427A852E200364406 /* Build configuration list for PBXProject "MagicBall" */ = {
			isa = XCConfigurationList;
			buildConfigurations = (
				D6E9640B27A852E500364406 /* Debug */,
				D6E9640C27A852E500364406 /* Release */,
			);
			defaultConfigurationIsVisible = 0;
			defaultConfigurationName = Release;
		};
		D6E9640D27A852E500364406 /* Build configuration list for PBXNativeTarget "MagicBall" */ = {
			isa = XCConfigurationList;
			buildConfigurations = (
				D6E9640E27A852E500364406 /* Debug */,
				D6E9640F27A852E500364406 /* Release */,
			);
			defaultConfigurationIsVisible = 0;
			defaultConfigurationName = Release;
		};
/* End XCConfigurationList section */
	};
	rootObject = D6E963F127A852E200364406 /* Project object */;
}
